// !$*UTF8*$!
{
	archiveVersion = 1;
	classes = {
	};
	objectVersion = 46;
	objects = {

/* Begin PBXBuildFile section */
		04B44D581A809EEE0070B154 /* NetworkProfileViewController.m in Sources */ = {isa = PBXBuildFile; fileRef = 04B44D571A809EEE0070B154 /* NetworkProfileViewController.m */; };
		04B5309C1A830FF700F9578E /* LeftViewController.m in Sources */ = {isa = PBXBuildFile; fileRef = 04B5309B1A830FF700F9578E /* LeftViewController.m */; };
		04B5309F1A8345A000F9578E /* NavigationController.m in Sources */ = {isa = PBXBuildFile; fileRef = 04B5309E1A8345A000F9578E /* NavigationController.m */; };
		04CBA4F11A84B8AC00F82AA9 /* AFNetworking.framework in Frameworks */ = {isa = PBXBuildFile; fileRef = 04B531441A848BAD00F9578E /* AFNetworking.framework */; };
		04CBA4F21A84B8AC00F82AA9 /* AFNetworking.framework in Embed Frameworks */ = {isa = PBXBuildFile; fileRef = 04B531441A848BAD00F9578E /* AFNetworking.framework */; settings = {ATTRIBUTES = (CodeSignOnCopy, RemoveHeadersOnCopy, ); }; };
		04CBA5011A84B8BA00F82AA9 /* OctoKit.framework in Frameworks */ = {isa = PBXBuildFile; fileRef = 04B5311B1A84890A00F9578E /* OctoKit.framework */; };
		04CBA5021A84B8BA00F82AA9 /* OctoKit.framework in Embed Frameworks */ = {isa = PBXBuildFile; fileRef = 04B5311B1A84890A00F9578E /* OctoKit.framework */; settings = {ATTRIBUTES = (CodeSignOnCopy, RemoveHeadersOnCopy, ); }; };
		04CBA5051A84B91000F82AA9 /* Mantle.framework in Frameworks */ = {isa = PBXBuildFile; fileRef = 04B531371A84894300F9578E /* Mantle.framework */; };
		04CBA5061A84B91100F82AA9 /* Mantle.framework in Embed Frameworks */ = {isa = PBXBuildFile; fileRef = 04B531371A84894300F9578E /* Mantle.framework */; settings = {ATTRIBUTES = (CodeSignOnCopy, RemoveHeadersOnCopy, ); }; };
		04CBA5091A84B92000F82AA9 /* ReactiveCocoa.framework in Frameworks */ = {isa = PBXBuildFile; fileRef = 04B531291A84893200F9578E /* ReactiveCocoa.framework */; };
		04CBA50A1A84B92000F82AA9 /* ReactiveCocoa.framework in Embed Frameworks */ = {isa = PBXBuildFile; fileRef = 04B531291A84893200F9578E /* ReactiveCocoa.framework */; settings = {ATTRIBUTES = (CodeSignOnCopy, RemoveHeadersOnCopy, ); }; };
		04CBA50D1A84B93500F82AA9 /* ISO8601DateFormatter.framework in Frameworks */ = {isa = PBXBuildFile; fileRef = 04B531481A848BAD00F9578E /* ISO8601DateFormatter.framework */; };
		04CBA50E1A84B93500F82AA9 /* ISO8601DateFormatter.framework in Embed Frameworks */ = {isa = PBXBuildFile; fileRef = 04B531481A848BAD00F9578E /* ISO8601DateFormatter.framework */; settings = {ATTRIBUTES = (CodeSignOnCopy, RemoveHeadersOnCopy, ); }; };
		04CBA5131A85C7B900F82AA9 /* FollowerTableViewCell.m in Sources */ = {isa = PBXBuildFile; fileRef = 04CBA5121A85C7B900F82AA9 /* FollowerTableViewCell.m */; };
		620E18F5A293B086A95B188C /* libPods.a in Frameworks */ = {isa = PBXBuildFile; fileRef = 2E966C87F4E44D16777301AE /* libPods.a */; };
		AB6C05BF1A1B4F32005B5C32 /* KeychainWrapper.m in Sources */ = {isa = PBXBuildFile; fileRef = AB6C05BE1A1B4F32005B5C32 /* KeychainWrapper.m */; };
		AB6C05C11A1B511A005B5C32 /* Security.framework in Frameworks */ = {isa = PBXBuildFile; fileRef = AB6C05C01A1B511A005B5C32 /* Security.framework */; };
		ABC19DB51A1AEDB500D94561 /* NewsTableViewController.m in Sources */ = {isa = PBXBuildFile; fileRef = ABC19DB41A1AEDB500D94561 /* NewsTableViewController.m */; };
		ABFFD1681A19983D0063C74C /* main.m in Sources */ = {isa = PBXBuildFile; fileRef = ABFFD1671A19983D0063C74C /* main.m */; };
		ABFFD16B1A19983D0063C74C /* AppDelegate.m in Sources */ = {isa = PBXBuildFile; fileRef = ABFFD16A1A19983D0063C74C /* AppDelegate.m */; };
		ABFFD16E1A19983D0063C74C /* LoginViewController.m in Sources */ = {isa = PBXBuildFile; fileRef = ABFFD16D1A19983D0063C74C /* LoginViewController.m */; };
		ABFFD1711A19983D0063C74C /* Main.storyboard in Resources */ = {isa = PBXBuildFile; fileRef = ABFFD16F1A19983D0063C74C /* Main.storyboard */; };
		ABFFD1731A19983D0063C74C /* Images.xcassets in Resources */ = {isa = PBXBuildFile; fileRef = ABFFD1721A19983D0063C74C /* Images.xcassets */; };
		ABFFD1821A19983D0063C74C /* iGithubTests.m in Sources */ = {isa = PBXBuildFile; fileRef = ABFFD1811A19983D0063C74C /* iGithubTests.m */; };
/* End PBXBuildFile section */

/* Begin PBXContainerItemProxy section */
		04B531161A84890A00F9578E /* PBXContainerItemProxy */ = {
			isa = PBXContainerItemProxy;
			containerPortal = 04B530B91A84853400F9578E /* OctoKit.xcodeproj */;
			proxyType = 2;
			remoteGlobalIDString = D0871EA8169E2EFC00016ACA;
			remoteInfo = "OctoKit Mac";
		};
		04B531181A84890A00F9578E /* PBXContainerItemProxy */ = {
			isa = PBXContainerItemProxy;
			containerPortal = 04B530B91A84853400F9578E /* OctoKit.xcodeproj */;
			proxyType = 2;
			remoteGlobalIDString = D0871EC0169E2EFC00016ACA;
			remoteInfo = "OctoKit Mac Tests";
		};
		04B5311A1A84890A00F9578E /* PBXContainerItemProxy */ = {
			isa = PBXContainerItemProxy;
			containerPortal = 04B530B91A84853400F9578E /* OctoKit.xcodeproj */;
			proxyType = 2;
			remoteGlobalIDString = D0040CF319FEC579002869A6;
			remoteInfo = "OctoKit iOS";
		};
		04B5311C1A84890A00F9578E /* PBXContainerItemProxy */ = {
			isa = PBXContainerItemProxy;
			containerPortal = 04B530B91A84853400F9578E /* OctoKit.xcodeproj */;
			proxyType = 2;
			remoteGlobalIDString = D0040CFD19FEC579002869A6;
			remoteInfo = "OctoKit iOS Tests";
		};
		04B531241A84893200F9578E /* PBXContainerItemProxy */ = {
			isa = PBXContainerItemProxy;
			containerPortal = 04B530BF1A84853400F9578E /* ReactiveCocoa.xcodeproj */;
			proxyType = 2;
			remoteGlobalIDString = D04725EA19E49ED7006002AA;
			remoteInfo = "ReactiveCocoa-Mac";
		};
		04B531261A84893200F9578E /* PBXContainerItemProxy */ = {
			isa = PBXContainerItemProxy;
			containerPortal = 04B530BF1A84853400F9578E /* ReactiveCocoa.xcodeproj */;
			proxyType = 2;
			remoteGlobalIDString = D04725F519E49ED7006002AA;
			remoteInfo = "ReactiveCocoa-MacTests";
		};
		04B531281A84893200F9578E /* PBXContainerItemProxy */ = {
			isa = PBXContainerItemProxy;
			containerPortal = 04B530BF1A84853400F9578E /* ReactiveCocoa.xcodeproj */;
			proxyType = 2;
			remoteGlobalIDString = D047260C19E49F82006002AA;
			remoteInfo = "ReactiveCocoa-iOS";
		};
		04B5312A1A84893200F9578E /* PBXContainerItemProxy */ = {
			isa = PBXContainerItemProxy;
			containerPortal = 04B530BF1A84853400F9578E /* ReactiveCocoa.xcodeproj */;
			proxyType = 2;
			remoteGlobalIDString = D047261619E49F82006002AA;
			remoteInfo = "ReactiveCocoa-iOSTests";
		};
		04B531321A84894300F9578E /* PBXContainerItemProxy */ = {
			isa = PBXContainerItemProxy;
			containerPortal = 04B530C21A84853400F9578E /* Mantle.xcodeproj */;
			proxyType = 2;
			remoteGlobalIDString = D042FC3C15F72B23004E8054;
			remoteInfo = "Mantle-Mac";
		};
		04B531341A84894300F9578E /* PBXContainerItemProxy */ = {
			isa = PBXContainerItemProxy;
			containerPortal = 04B530C21A84853400F9578E /* Mantle.xcodeproj */;
			proxyType = 2;
			remoteGlobalIDString = D042FC5415F72B23004E8054;
			remoteInfo = "Mantle-MacTests";
		};
		04B531361A84894300F9578E /* PBXContainerItemProxy */ = {
			isa = PBXContainerItemProxy;
			containerPortal = 04B530C21A84853400F9578E /* Mantle.xcodeproj */;
			proxyType = 2;
			remoteGlobalIDString = D0E9C35719F6DB38000D427D;
			remoteInfo = "Mantle-iOS";
		};
		04B531381A84894300F9578E /* PBXContainerItemProxy */ = {
			isa = PBXContainerItemProxy;
			containerPortal = 04B530C21A84853400F9578E /* Mantle.xcodeproj */;
			proxyType = 2;
			remoteGlobalIDString = D0E9C36119F6DB38000D427D;
			remoteInfo = "Mantle-iOSTests";
		};
		04B531411A848BAD00F9578E /* PBXContainerItemProxy */ = {
			isa = PBXContainerItemProxy;
			containerPortal = 04B530BC1A84853400F9578E /* OctoKitDependencies.xcodeproj */;
			proxyType = 2;
			remoteGlobalIDString = D0476DBD177916920071F3CB;
			remoteInfo = "AFNetworking Mac";
		};
		04B531431A848BAD00F9578E /* PBXContainerItemProxy */ = {
			isa = PBXContainerItemProxy;
			containerPortal = 04B530BC1A84853400F9578E /* OctoKitDependencies.xcodeproj */;
			proxyType = 2;
			remoteGlobalIDString = D0040C9919FEC274002869A6;
			remoteInfo = "AFNetworking iOS";
		};
		04B531451A848BAD00F9578E /* PBXContainerItemProxy */ = {
			isa = PBXContainerItemProxy;
			containerPortal = 04B530BC1A84853400F9578E /* OctoKitDependencies.xcodeproj */;
			proxyType = 2;
			remoteGlobalIDString = D0476E5E17791AA50071F3CB;
			remoteInfo = "ISO8601DateFormatter Mac";
		};
		04B531471A848BAD00F9578E /* PBXContainerItemProxy */ = {
			isa = PBXContainerItemProxy;
			containerPortal = 04B530BC1A84853400F9578E /* OctoKitDependencies.xcodeproj */;
			proxyType = 2;
			remoteGlobalIDString = D0040CBB19FEC418002869A6;
			remoteInfo = "ISO8601DateFormatter iOS";
		};
		04CBA4F31A84B8AC00F82AA9 /* PBXContainerItemProxy */ = {
			isa = PBXContainerItemProxy;
			containerPortal = 04B530BC1A84853400F9578E /* OctoKitDependencies.xcodeproj */;
			proxyType = 1;
			remoteGlobalIDString = D0040C9819FEC274002869A6;
			remoteInfo = "AFNetworking iOS";
		};
		04CBA5031A84B8BA00F82AA9 /* PBXContainerItemProxy */ = {
			isa = PBXContainerItemProxy;
			containerPortal = 04B530B91A84853400F9578E /* OctoKit.xcodeproj */;
			proxyType = 1;
			remoteGlobalIDString = D0040CF219FEC579002869A6;
			remoteInfo = "OctoKit iOS";
		};
		04CBA5071A84B91100F82AA9 /* PBXContainerItemProxy */ = {
			isa = PBXContainerItemProxy;
			containerPortal = 04B530C21A84853400F9578E /* Mantle.xcodeproj */;
			proxyType = 1;
			remoteGlobalIDString = D0E9C35619F6DB38000D427D;
			remoteInfo = "Mantle-iOS";
		};
		04CBA50B1A84B92000F82AA9 /* PBXContainerItemProxy */ = {
			isa = PBXContainerItemProxy;
			containerPortal = 04B530BF1A84853400F9578E /* ReactiveCocoa.xcodeproj */;
			proxyType = 1;
			remoteGlobalIDString = D047260B19E49F82006002AA;
			remoteInfo = "ReactiveCocoa-iOS";
		};
		04CBA50F1A84B93500F82AA9 /* PBXContainerItemProxy */ = {
			isa = PBXContainerItemProxy;
			containerPortal = 04B530BC1A84853400F9578E /* OctoKitDependencies.xcodeproj */;
			proxyType = 1;
			remoteGlobalIDString = D0040CBA19FEC418002869A6;
			remoteInfo = "ISO8601DateFormatter iOS";
		};
		ABFFD17C1A19983D0063C74C /* PBXContainerItemProxy */ = {
			isa = PBXContainerItemProxy;
			containerPortal = ABFFD15A1A19983C0063C74C /* Project object */;
			proxyType = 1;
			remoteGlobalIDString = ABFFD1611A19983C0063C74C;
			remoteInfo = iGithub;
		};
/* End PBXContainerItemProxy section */

/* Begin PBXCopyFilesBuildPhase section */
		04B530FA1A84862C00F9578E /* Embed Frameworks */ = {
			isa = PBXCopyFilesBuildPhase;
			buildActionMask = 2147483647;
			dstPath = "";
			dstSubfolderSpec = 10;
			files = (
				04CBA50E1A84B93500F82AA9 /* ISO8601DateFormatter.framework in Embed Frameworks */,
				04CBA5021A84B8BA00F82AA9 /* OctoKit.framework in Embed Frameworks */,
				04CBA4F21A84B8AC00F82AA9 /* AFNetworking.framework in Embed Frameworks */,
				04CBA5061A84B91100F82AA9 /* Mantle.framework in Embed Frameworks */,
				04CBA50A1A84B92000F82AA9 /* ReactiveCocoa.framework in Embed Frameworks */,
			);
			name = "Embed Frameworks";
			runOnlyForDeploymentPostprocessing = 0;
		};
/* End PBXCopyFilesBuildPhase section */

/* Begin PBXFileReference section */
		04B44CA81A7F78A10070B154 /* Macros.h */ = {isa = PBXFileReference; lastKnownFileType = sourcecode.c.h; path = Macros.h; sourceTree = "<group>"; };
		04B44CA91A7F7EF70070B154 /* Constants.h */ = {isa = PBXFileReference; lastKnownFileType = sourcecode.c.h; path = Constants.h; sourceTree = "<group>"; };
		04B44D561A809EEE0070B154 /* NetworkProfileViewController.h */ = {isa = PBXFileReference; fileEncoding = 4; lastKnownFileType = sourcecode.c.h; path = NetworkProfileViewController.h; sourceTree = "<group>"; };
		04B44D571A809EEE0070B154 /* NetworkProfileViewController.m */ = {isa = PBXFileReference; fileEncoding = 4; lastKnownFileType = sourcecode.c.objc; path = NetworkProfileViewController.m; sourceTree = "<group>"; };
		04B5309A1A830FF700F9578E /* LeftViewController.h */ = {isa = PBXFileReference; fileEncoding = 4; lastKnownFileType = sourcecode.c.h; path = LeftViewController.h; sourceTree = "<group>"; };
		04B5309B1A830FF700F9578E /* LeftViewController.m */ = {isa = PBXFileReference; fileEncoding = 4; lastKnownFileType = sourcecode.c.objc; path = LeftViewController.m; sourceTree = "<group>"; };
		04B5309D1A8345A000F9578E /* NavigationController.h */ = {isa = PBXFileReference; fileEncoding = 4; lastKnownFileType = sourcecode.c.h; path = NavigationController.h; sourceTree = "<group>"; };
		04B5309E1A8345A000F9578E /* NavigationController.m */ = {isa = PBXFileReference; fileEncoding = 4; lastKnownFileType = sourcecode.c.objc; path = NavigationController.m; sourceTree = "<group>"; };
		04B530AB1A84755000F9578E /* AFNetworking.framework */ = {isa = PBXFileReference; lastKnownFileType = wrapper.framework; name = AFNetworking.framework; path = "../../../Library/Developer/Xcode/DerivedData/iGithub-dljaqifjsunxfjblhyjeqjuqedjz/Build/Products/Debug/AFNetworking.framework"; sourceTree = "<group>"; };
		04B530AC1A84755000F9578E /* ISO8601DateFormatter.framework */ = {isa = PBXFileReference; lastKnownFileType = wrapper.framework; name = ISO8601DateFormatter.framework; path = "../../../Library/Developer/Xcode/DerivedData/iGithub-dljaqifjsunxfjblhyjeqjuqedjz/Build/Products/Debug/ISO8601DateFormatter.framework"; sourceTree = "<group>"; };
		04B530AF1A84758F00F9578E /* OctoKit.framework */ = {isa = PBXFileReference; lastKnownFileType = wrapper.framework; name = OctoKit.framework; path = "../../../Library/Developer/Xcode/DerivedData/iGithub-dljaqifjsunxfjblhyjeqjuqedjz/Build/Products/Debug/OctoKit.framework"; sourceTree = "<group>"; };
		04B530B91A84853400F9578E /* OctoKit.xcodeproj */ = {isa = PBXFileReference; lastKnownFileType = "wrapper.pb-project"; name = OctoKit.xcodeproj; path = octokit.objc/OctoKit.xcodeproj; sourceTree = "<group>"; };
		04B530BC1A84853400F9578E /* OctoKitDependencies.xcodeproj */ = {isa = PBXFileReference; lastKnownFileType = "wrapper.pb-project"; name = OctoKitDependencies.xcodeproj; path = octokit.objc/External/OctoKitDependencies/OctoKitDependencies.xcodeproj; sourceTree = "<group>"; };
		04B530BF1A84853400F9578E /* ReactiveCocoa.xcodeproj */ = {isa = PBXFileReference; lastKnownFileType = "wrapper.pb-project"; name = ReactiveCocoa.xcodeproj; path = octokit.objc/Carthage/Checkouts/ReactiveCocoa/ReactiveCocoa.xcodeproj; sourceTree = "<group>"; };
		04B530C21A84853400F9578E /* Mantle.xcodeproj */ = {isa = PBXFileReference; lastKnownFileType = "wrapper.pb-project"; name = Mantle.xcodeproj; path = octokit.objc/Carthage/Checkouts/Mantle/Mantle.xcodeproj; sourceTree = "<group>"; };
		04CBA5111A85C7B900F82AA9 /* FollowerTableViewCell.h */ = {isa = PBXFileReference; fileEncoding = 4; lastKnownFileType = sourcecode.c.h; path = FollowerTableViewCell.h; sourceTree = "<group>"; };
		04CBA5121A85C7B900F82AA9 /* FollowerTableViewCell.m */ = {isa = PBXFileReference; fileEncoding = 4; lastKnownFileType = sourcecode.c.objc; path = FollowerTableViewCell.m; sourceTree = "<group>"; };
		2E966C87F4E44D16777301AE /* libPods.a */ = {isa = PBXFileReference; explicitFileType = archive.ar; includeInIndex = 0; path = libPods.a; sourceTree = BUILT_PRODUCTS_DIR; };
		AB6C05BD1A1B4F32005B5C32 /* KeychainWrapper.h */ = {isa = PBXFileReference; fileEncoding = 4; lastKnownFileType = sourcecode.c.h; path = KeychainWrapper.h; sourceTree = "<group>"; };
		AB6C05BE1A1B4F32005B5C32 /* KeychainWrapper.m */ = {isa = PBXFileReference; fileEncoding = 4; lastKnownFileType = sourcecode.c.objc; path = KeychainWrapper.m; sourceTree = "<group>"; };
		AB6C05C01A1B511A005B5C32 /* Security.framework */ = {isa = PBXFileReference; lastKnownFileType = wrapper.framework; name = Security.framework; path = System/Library/Frameworks/Security.framework; sourceTree = SDKROOT; };
		ABC19DB31A1AEDB500D94561 /* NewsTableViewController.h */ = {isa = PBXFileReference; fileEncoding = 4; lastKnownFileType = sourcecode.c.h; path = NewsTableViewController.h; sourceTree = "<group>"; };
		ABC19DB41A1AEDB500D94561 /* NewsTableViewController.m */ = {isa = PBXFileReference; fileEncoding = 4; lastKnownFileType = sourcecode.c.objc; path = NewsTableViewController.m; sourceTree = "<group>"; };
		ABFFD1621A19983D0063C74C /* iGithub.app */ = {isa = PBXFileReference; explicitFileType = wrapper.application; includeInIndex = 0; path = iGithub.app; sourceTree = BUILT_PRODUCTS_DIR; };
		ABFFD1661A19983D0063C74C /* Info.plist */ = {isa = PBXFileReference; lastKnownFileType = text.plist.xml; path = Info.plist; sourceTree = "<group>"; };
		ABFFD1671A19983D0063C74C /* main.m */ = {isa = PBXFileReference; lastKnownFileType = sourcecode.c.objc; path = main.m; sourceTree = "<group>"; };
		ABFFD1691A19983D0063C74C /* AppDelegate.h */ = {isa = PBXFileReference; lastKnownFileType = sourcecode.c.h; path = AppDelegate.h; sourceTree = "<group>"; };
		ABFFD16A1A19983D0063C74C /* AppDelegate.m */ = {isa = PBXFileReference; lastKnownFileType = sourcecode.c.objc; path = AppDelegate.m; sourceTree = "<group>"; };
		ABFFD16C1A19983D0063C74C /* LoginViewController.h */ = {isa = PBXFileReference; lastKnownFileType = sourcecode.c.h; path = LoginViewController.h; sourceTree = "<group>"; };
		ABFFD16D1A19983D0063C74C /* LoginViewController.m */ = {isa = PBXFileReference; lastKnownFileType = sourcecode.c.objc; path = LoginViewController.m; sourceTree = "<group>"; };
		ABFFD1701A19983D0063C74C /* Base */ = {isa = PBXFileReference; lastKnownFileType = file.storyboard; name = Base; path = Base.lproj/Main.storyboard; sourceTree = "<group>"; };
		ABFFD1721A19983D0063C74C /* Images.xcassets */ = {isa = PBXFileReference; lastKnownFileType = folder.assetcatalog; path = Images.xcassets; sourceTree = "<group>"; };
		ABFFD17B1A19983D0063C74C /* iGithubTests.xctest */ = {isa = PBXFileReference; explicitFileType = wrapper.cfbundle; includeInIndex = 0; path = iGithubTests.xctest; sourceTree = BUILT_PRODUCTS_DIR; };
		ABFFD1801A19983D0063C74C /* Info.plist */ = {isa = PBXFileReference; lastKnownFileType = text.plist.xml; path = Info.plist; sourceTree = "<group>"; };
		ABFFD1811A19983D0063C74C /* iGithubTests.m */ = {isa = PBXFileReference; lastKnownFileType = sourcecode.c.objc; path = iGithubTests.m; sourceTree = "<group>"; };
		DB33F8486EDED806E09E008E /* Pods.release.xcconfig */ = {isa = PBXFileReference; includeInIndex = 1; lastKnownFileType = text.xcconfig; name = Pods.release.xcconfig; path = "Pods/Target Support Files/Pods/Pods.release.xcconfig"; sourceTree = "<group>"; };
		EC96A54A7C6F5F7E62D4ACED /* Pods.debug.xcconfig */ = {isa = PBXFileReference; includeInIndex = 1; lastKnownFileType = text.xcconfig; name = Pods.debug.xcconfig; path = "Pods/Target Support Files/Pods/Pods.debug.xcconfig"; sourceTree = "<group>"; };
/* End PBXFileReference section */

/* Begin PBXFrameworksBuildPhase section */
		ABFFD15F1A19983C0063C74C /* Frameworks */ = {
			isa = PBXFrameworksBuildPhase;
			buildActionMask = 2147483647;
			files = (
				AB6C05C11A1B511A005B5C32 /* Security.framework in Frameworks */,
				04CBA5091A84B92000F82AA9 /* ReactiveCocoa.framework in Frameworks */,
				04CBA50D1A84B93500F82AA9 /* ISO8601DateFormatter.framework in Frameworks */,
				04CBA5051A84B91000F82AA9 /* Mantle.framework in Frameworks */,
				04CBA4F11A84B8AC00F82AA9 /* AFNetworking.framework in Frameworks */,
				04CBA5011A84B8BA00F82AA9 /* OctoKit.framework in Frameworks */,
				620E18F5A293B086A95B188C /* libPods.a in Frameworks */,
			);
			runOnlyForDeploymentPostprocessing = 0;
		};
		ABFFD1781A19983D0063C74C /* Frameworks */ = {
			isa = PBXFrameworksBuildPhase;
			buildActionMask = 2147483647;
			files = (
			);
			runOnlyForDeploymentPostprocessing = 0;
		};
/* End PBXFrameworksBuildPhase section */

/* Begin PBXGroup section */
		04B530F51A84854300F9578E /* Submodules */ = {
			isa = PBXGroup;
			children = (
				04B530B91A84853400F9578E /* OctoKit.xcodeproj */,
				04B530BC1A84853400F9578E /* OctoKitDependencies.xcodeproj */,
				04B530BF1A84853400F9578E /* ReactiveCocoa.xcodeproj */,
				04B530C21A84853400F9578E /* Mantle.xcodeproj */,
			);
			path = Submodules;
			sourceTree = "<group>";
		};
		04B531101A84890A00F9578E /* Products */ = {
			isa = PBXGroup;
			children = (
				04B531171A84890A00F9578E /* OctoKit.framework */,
				04B531191A84890A00F9578E /* OctoKit Mac Tests.xctest */,
				04B5311B1A84890A00F9578E /* OctoKit.framework */,
				04B5311D1A84890A00F9578E /* OctoKit iOS Tests.xctest */,
			);
			name = Products;
			sourceTree = "<group>";
		};
		04B5311E1A84893200F9578E /* Products */ = {
			isa = PBXGroup;
			children = (
				04B531251A84893200F9578E /* ReactiveCocoa.framework */,
				04B531271A84893200F9578E /* ReactiveCocoa-MacTests.xctest */,
				04B531291A84893200F9578E /* ReactiveCocoa.framework */,
				04B5312B1A84893200F9578E /* ReactiveCocoa-iOSTests.xctest */,
			);
			name = Products;
			sourceTree = "<group>";
		};
		04B5312C1A84894300F9578E /* Products */ = {
			isa = PBXGroup;
			children = (
				04B531331A84894300F9578E /* Mantle.framework */,
				04B531351A84894300F9578E /* Mantle-MacTests.xctest */,
				04B531371A84894300F9578E /* Mantle.framework */,
				04B531391A84894300F9578E /* Mantle-iOSTests.xctest */,
			);
			name = Products;
			sourceTree = "<group>";
		};
		04B5313B1A848BAD00F9578E /* Products */ = {
			isa = PBXGroup;
			children = (
				04B531421A848BAD00F9578E /* AFNetworking.framework */,
				04B531441A848BAD00F9578E /* AFNetworking.framework */,
				04B531461A848BAD00F9578E /* ISO8601DateFormatter.framework */,
				04B531481A848BAD00F9578E /* ISO8601DateFormatter.framework */,
			);
			name = Products;
			sourceTree = "<group>";
		};
		1256B064FD56A751A74C8977 /* Frameworks */ = {
			isa = PBXGroup;
			children = (
				04B530AF1A84758F00F9578E /* OctoKit.framework */,
				04B530AB1A84755000F9578E /* AFNetworking.framework */,
				04B530AC1A84755000F9578E /* ISO8601DateFormatter.framework */,
				AB6C05C01A1B511A005B5C32 /* Security.framework */,
				2E966C87F4E44D16777301AE /* libPods.a */,
			);
			name = Frameworks;
			sourceTree = "<group>";
		};
		ABFFD1591A19983C0063C74C = {
			isa = PBXGroup;
			children = (
				ABFFD1641A19983D0063C74C /* iGithub */,
				ABFFD17E1A19983D0063C74C /* iGithubTests */,
				04B530F51A84854300F9578E /* Submodules */,
				ABFFD1631A19983D0063C74C /* Products */,
				FA02FA3A5648F12CC183ED53 /* Pods */,
				1256B064FD56A751A74C8977 /* Frameworks */,
			);
			sourceTree = "<group>";
		};
		ABFFD1631A19983D0063C74C /* Products */ = {
			isa = PBXGroup;
			children = (
				ABFFD1621A19983D0063C74C /* iGithub.app */,
				ABFFD17B1A19983D0063C74C /* iGithubTests.xctest */,
			);
			name = Products;
			sourceTree = "<group>";
		};
		ABFFD1641A19983D0063C74C /* iGithub */ = {
			isa = PBXGroup;
			children = (
				ABFFD1691A19983D0063C74C /* AppDelegate.h */,
				ABFFD16A1A19983D0063C74C /* AppDelegate.m */,
				ABFFD16C1A19983D0063C74C /* LoginViewController.h */,
				ABFFD16D1A19983D0063C74C /* LoginViewController.m */,
				04B44D561A809EEE0070B154 /* NetworkProfileViewController.h */,
				04B44D571A809EEE0070B154 /* NetworkProfileViewController.m */,
				04CBA5111A85C7B900F82AA9 /* FollowerTableViewCell.h */,
				04CBA5121A85C7B900F82AA9 /* FollowerTableViewCell.m */,
				04B5309D1A8345A000F9578E /* NavigationController.h */,
				04B5309E1A8345A000F9578E /* NavigationController.m */,
				04B5309A1A830FF700F9578E /* LeftViewController.h */,
				04B5309B1A830FF700F9578E /* LeftViewController.m */,
				04B44CA81A7F78A10070B154 /* Macros.h */,
				04B44CA91A7F7EF70070B154 /* Constants.h */,
				ABC19DB31A1AEDB500D94561 /* NewsTableViewController.h */,
				ABC19DB41A1AEDB500D94561 /* NewsTableViewController.m */,
				AB6C05BD1A1B4F32005B5C32 /* KeychainWrapper.h */,
				AB6C05BE1A1B4F32005B5C32 /* KeychainWrapper.m */,
				ABFFD1721A19983D0063C74C /* Images.xcassets */,
				ABFFD16F1A19983D0063C74C /* Main.storyboard */,
				ABFFD1651A19983D0063C74C /* Supporting Files */,
			);
			path = iGithub;
			sourceTree = "<group>";
		};
		ABFFD1651A19983D0063C74C /* Supporting Files */ = {
			isa = PBXGroup;
			children = (
				ABFFD1661A19983D0063C74C /* Info.plist */,
				ABFFD1671A19983D0063C74C /* main.m */,
			);
			name = "Supporting Files";
			sourceTree = "<group>";
		};
		ABFFD17E1A19983D0063C74C /* iGithubTests */ = {
			isa = PBXGroup;
			children = (
				ABFFD1811A19983D0063C74C /* iGithubTests.m */,
				ABFFD17F1A19983D0063C74C /* Supporting Files */,
			);
			path = iGithubTests;
			sourceTree = "<group>";
		};
		ABFFD17F1A19983D0063C74C /* Supporting Files */ = {
			isa = PBXGroup;
			children = (
				ABFFD1801A19983D0063C74C /* Info.plist */,
			);
			name = "Supporting Files";
			sourceTree = "<group>";
		};
		FA02FA3A5648F12CC183ED53 /* Pods */ = {
			isa = PBXGroup;
			children = (
				EC96A54A7C6F5F7E62D4ACED /* Pods.debug.xcconfig */,
				DB33F8486EDED806E09E008E /* Pods.release.xcconfig */,
			);
			name = Pods;
			sourceTree = "<group>";
		};
/* End PBXGroup section */

/* Begin PBXNativeTarget section */
		ABFFD1611A19983C0063C74C /* iGithub */ = {
			isa = PBXNativeTarget;
			buildConfigurationList = ABFFD1851A19983D0063C74C /* Build configuration list for PBXNativeTarget "iGithub" */;
			buildPhases = (
				0C54D30B9F01F7266030C2A6 /* Check Pods Manifest.lock */,
				ABFFD15E1A19983C0063C74C /* Sources */,
				ABFFD15F1A19983C0063C74C /* Frameworks */,
				ABFFD1601A19983C0063C74C /* Resources */,
				ABFFD18B1A1998730063C74C /* Build Number */,
				FE562E1AD57AEBFAE684F9D9 /* Copy Pods Resources */,
				04B530FA1A84862C00F9578E /* Embed Frameworks */,
			);
			buildRules = (
			);
			dependencies = (
				04CBA4F41A84B8AC00F82AA9 /* PBXTargetDependency */,
				04CBA5041A84B8BA00F82AA9 /* PBXTargetDependency */,
				04CBA5081A84B91100F82AA9 /* PBXTargetDependency */,
				04CBA50C1A84B92000F82AA9 /* PBXTargetDependency */,
				04CBA5101A84B93500F82AA9 /* PBXTargetDependency */,
			);
			name = iGithub;
			productName = iGithub;
			productReference = ABFFD1621A19983D0063C74C /* iGithub.app */;
			productType = "com.apple.product-type.application";
		};
		ABFFD17A1A19983D0063C74C /* iGithubTests */ = {
			isa = PBXNativeTarget;
			buildConfigurationList = ABFFD1881A19983D0063C74C /* Build configuration list for PBXNativeTarget "iGithubTests" */;
			buildPhases = (
				ABFFD1771A19983D0063C74C /* Sources */,
				ABFFD1781A19983D0063C74C /* Frameworks */,
				ABFFD1791A19983D0063C74C /* Resources */,
			);
			buildRules = (
			);
			dependencies = (
				ABFFD17D1A19983D0063C74C /* PBXTargetDependency */,
			);
			name = iGithubTests;
			productName = iGithubTests;
			productReference = ABFFD17B1A19983D0063C74C /* iGithubTests.xctest */;
			productType = "com.apple.product-type.bundle.unit-test";
		};
/* End PBXNativeTarget section */

/* Begin PBXProject section */
		ABFFD15A1A19983C0063C74C /* Project object */ = {
			isa = PBXProject;
			attributes = {
				LastUpgradeCheck = 0610;
				ORGANIZATIONNAME = "Yin Xiaoyu";
				TargetAttributes = {
					ABFFD1611A19983C0063C74C = {
						CreatedOnToolsVersion = 6.1;
					};
					ABFFD17A1A19983D0063C74C = {
						CreatedOnToolsVersion = 6.1;
						TestTargetID = ABFFD1611A19983C0063C74C;
					};
				};
			};
			buildConfigurationList = ABFFD15D1A19983C0063C74C /* Build configuration list for PBXProject "iGithub" */;
			compatibilityVersion = "Xcode 3.2";
			developmentRegion = English;
			hasScannedForEncodings = 0;
			knownRegions = (
				en,
				Base,
			);
			mainGroup = ABFFD1591A19983C0063C74C;
			productRefGroup = ABFFD1631A19983D0063C74C /* Products */;
			projectDirPath = "";
			projectReferences = (
				{
					ProductGroup = 04B5312C1A84894300F9578E /* Products */;
					ProjectRef = 04B530C21A84853400F9578E /* Mantle.xcodeproj */;
				},
				{
					ProductGroup = 04B531101A84890A00F9578E /* Products */;
					ProjectRef = 04B530B91A84853400F9578E /* OctoKit.xcodeproj */;
				},
				{
					ProductGroup = 04B5313B1A848BAD00F9578E /* Products */;
					ProjectRef = 04B530BC1A84853400F9578E /* OctoKitDependencies.xcodeproj */;
				},
				{
					ProductGroup = 04B5311E1A84893200F9578E /* Products */;
					ProjectRef = 04B530BF1A84853400F9578E /* ReactiveCocoa.xcodeproj */;
				},
			);
			projectRoot = "";
			targets = (
				ABFFD1611A19983C0063C74C /* iGithub */,
				ABFFD17A1A19983D0063C74C /* iGithubTests */,
			);
		};
/* End PBXProject section */

/* Begin PBXReferenceProxy section */
		04B531171A84890A00F9578E /* OctoKit.framework */ = {
			isa = PBXReferenceProxy;
			fileType = wrapper.framework;
			path = OctoKit.framework;
			remoteRef = 04B531161A84890A00F9578E /* PBXContainerItemProxy */;
			sourceTree = BUILT_PRODUCTS_DIR;
		};
		04B531191A84890A00F9578E /* OctoKit Mac Tests.xctest */ = {
			isa = PBXReferenceProxy;
			fileType = wrapper.cfbundle;
			path = "OctoKit Mac Tests.xctest";
			remoteRef = 04B531181A84890A00F9578E /* PBXContainerItemProxy */;
			sourceTree = BUILT_PRODUCTS_DIR;
		};
		04B5311B1A84890A00F9578E /* OctoKit.framework */ = {
			isa = PBXReferenceProxy;
			fileType = wrapper.framework;
			path = OctoKit.framework;
			remoteRef = 04B5311A1A84890A00F9578E /* PBXContainerItemProxy */;
			sourceTree = BUILT_PRODUCTS_DIR;
		};
		04B5311D1A84890A00F9578E /* OctoKit iOS Tests.xctest */ = {
			isa = PBXReferenceProxy;
			fileType = wrapper.cfbundle;
			path = "OctoKit iOS Tests.xctest";
			remoteRef = 04B5311C1A84890A00F9578E /* PBXContainerItemProxy */;
			sourceTree = BUILT_PRODUCTS_DIR;
		};
		04B531251A84893200F9578E /* ReactiveCocoa.framework */ = {
			isa = PBXReferenceProxy;
			fileType = wrapper.framework;
			path = ReactiveCocoa.framework;
			remoteRef = 04B531241A84893200F9578E /* PBXContainerItemProxy */;
			sourceTree = BUILT_PRODUCTS_DIR;
		};
		04B531271A84893200F9578E /* ReactiveCocoa-MacTests.xctest */ = {
			isa = PBXReferenceProxy;
			fileType = wrapper.cfbundle;
			path = "ReactiveCocoa-MacTests.xctest";
			remoteRef = 04B531261A84893200F9578E /* PBXContainerItemProxy */;
			sourceTree = BUILT_PRODUCTS_DIR;
		};
		04B531291A84893200F9578E /* ReactiveCocoa.framework */ = {
			isa = PBXReferenceProxy;
			fileType = wrapper.framework;
			path = ReactiveCocoa.framework;
			remoteRef = 04B531281A84893200F9578E /* PBXContainerItemProxy */;
			sourceTree = BUILT_PRODUCTS_DIR;
		};
		04B5312B1A84893200F9578E /* ReactiveCocoa-iOSTests.xctest */ = {
			isa = PBXReferenceProxy;
			fileType = wrapper.cfbundle;
			path = "ReactiveCocoa-iOSTests.xctest";
			remoteRef = 04B5312A1A84893200F9578E /* PBXContainerItemProxy */;
			sourceTree = BUILT_PRODUCTS_DIR;
		};
		04B531331A84894300F9578E /* Mantle.framework */ = {
			isa = PBXReferenceProxy;
			fileType = wrapper.framework;
			path = Mantle.framework;
			remoteRef = 04B531321A84894300F9578E /* PBXContainerItemProxy */;
			sourceTree = BUILT_PRODUCTS_DIR;
		};
		04B531351A84894300F9578E /* Mantle-MacTests.xctest */ = {
			isa = PBXReferenceProxy;
			fileType = wrapper.cfbundle;
			path = "Mantle-MacTests.xctest";
			remoteRef = 04B531341A84894300F9578E /* PBXContainerItemProxy */;
			sourceTree = BUILT_PRODUCTS_DIR;
		};
		04B531371A84894300F9578E /* Mantle.framework */ = {
			isa = PBXReferenceProxy;
			fileType = wrapper.framework;
			path = Mantle.framework;
			remoteRef = 04B531361A84894300F9578E /* PBXContainerItemProxy */;
			sourceTree = BUILT_PRODUCTS_DIR;
		};
		04B531391A84894300F9578E /* Mantle-iOSTests.xctest */ = {
			isa = PBXReferenceProxy;
			fileType = wrapper.cfbundle;
			path = "Mantle-iOSTests.xctest";
			remoteRef = 04B531381A84894300F9578E /* PBXContainerItemProxy */;
			sourceTree = BUILT_PRODUCTS_DIR;
		};
		04B531421A848BAD00F9578E /* AFNetworking.framework */ = {
			isa = PBXReferenceProxy;
			fileType = wrapper.framework;
			path = AFNetworking.framework;
			remoteRef = 04B531411A848BAD00F9578E /* PBXContainerItemProxy */;
			sourceTree = BUILT_PRODUCTS_DIR;
		};
		04B531441A848BAD00F9578E /* AFNetworking.framework */ = {
			isa = PBXReferenceProxy;
			fileType = wrapper.framework;
			path = AFNetworking.framework;
			remoteRef = 04B531431A848BAD00F9578E /* PBXContainerItemProxy */;
			sourceTree = BUILT_PRODUCTS_DIR;
		};
		04B531461A848BAD00F9578E /* ISO8601DateFormatter.framework */ = {
			isa = PBXReferenceProxy;
			fileType = wrapper.framework;
			path = ISO8601DateFormatter.framework;
			remoteRef = 04B531451A848BAD00F9578E /* PBXContainerItemProxy */;
			sourceTree = BUILT_PRODUCTS_DIR;
		};
		04B531481A848BAD00F9578E /* ISO8601DateFormatter.framework */ = {
			isa = PBXReferenceProxy;
			fileType = wrapper.framework;
			path = ISO8601DateFormatter.framework;
			remoteRef = 04B531471A848BAD00F9578E /* PBXContainerItemProxy */;
			sourceTree = BUILT_PRODUCTS_DIR;
		};
/* End PBXReferenceProxy section */

/* Begin PBXResourcesBuildPhase section */
		ABFFD1601A19983C0063C74C /* Resources */ = {
			isa = PBXResourcesBuildPhase;
			buildActionMask = 2147483647;
			files = (
				ABFFD1711A19983D0063C74C /* Main.storyboard in Resources */,
				ABFFD1731A19983D0063C74C /* Images.xcassets in Resources */,
			);
			runOnlyForDeploymentPostprocessing = 0;
		};
		ABFFD1791A19983D0063C74C /* Resources */ = {
			isa = PBXResourcesBuildPhase;
			buildActionMask = 2147483647;
			files = (
			);
			runOnlyForDeploymentPostprocessing = 0;
		};
/* End PBXResourcesBuildPhase section */

/* Begin PBXShellScriptBuildPhase section */
		0C54D30B9F01F7266030C2A6 /* Check Pods Manifest.lock */ = {
			isa = PBXShellScriptBuildPhase;
			buildActionMask = 2147483647;
			files = (
			);
			inputPaths = (
			);
			name = "Check Pods Manifest.lock";
			outputPaths = (
			);
			runOnlyForDeploymentPostprocessing = 0;
			shellPath = /bin/sh;
			shellScript = "diff \"${PODS_ROOT}/../Podfile.lock\" \"${PODS_ROOT}/Manifest.lock\" > /dev/null\nif [[ $? != 0 ]] ; then\n    cat << EOM\nerror: The sandbox is not in sync with the Podfile.lock. Run 'pod install' or update your CocoaPods installation.\nEOM\n    exit 1\nfi\n";
			showEnvVarsInLog = 0;
		};
		ABFFD18B1A1998730063C74C /* Build Number */ = {
			isa = PBXShellScriptBuildPhase;
			buildActionMask = 2147483647;
			files = (
			);
			inputPaths = (
			);
			name = "Build Number";
			outputPaths = (
			);
			runOnlyForDeploymentPostprocessing = 0;
			shellPath = /bin/sh;
			shellScript = "buildNumber=$(/usr/libexec/PlistBuddy -c \"Print CFBundleVersion\" \"${PROJECT_DIR}/${INFOPLIST_FILE}\")\nbuildNumber=$(($buildNumber + 1))\n/usr/libexec/PlistBuddy -c \"Set :CFBundleVersion $buildNumber\" \"${PROJECT_DIR}/${INFOPLIST_FILE}\"";
		};
		FE562E1AD57AEBFAE684F9D9 /* Copy Pods Resources */ = {
			isa = PBXShellScriptBuildPhase;
			buildActionMask = 2147483647;
			files = (
			);
			inputPaths = (
			);
			name = "Copy Pods Resources";
			outputPaths = (
			);
			runOnlyForDeploymentPostprocessing = 0;
			shellPath = /bin/sh;
			shellScript = "\"${SRCROOT}/Pods/Target Support Files/Pods/Pods-resources.sh\"\n";
			showEnvVarsInLog = 0;
		};
/* End PBXShellScriptBuildPhase section */

/* Begin PBXSourcesBuildPhase section */
		ABFFD15E1A19983C0063C74C /* Sources */ = {
			isa = PBXSourcesBuildPhase;
			buildActionMask = 2147483647;
			files = (
				ABC19DB51A1AEDB500D94561 /* NewsTableViewController.m in Sources */,
				AB6C05BF1A1B4F32005B5C32 /* KeychainWrapper.m in Sources */,
				04CBA5131A85C7B900F82AA9 /* FollowerTableViewCell.m in Sources */,
				ABFFD16E1A19983D0063C74C /* LoginViewController.m in Sources */,
				ABFFD16B1A19983D0063C74C /* AppDelegate.m in Sources */,
				04B5309C1A830FF700F9578E /* LeftViewController.m in Sources */,
				04B5309F1A8345A000F9578E /* NavigationController.m in Sources */,
				ABFFD1681A19983D0063C74C /* main.m in Sources */,
				04B44D581A809EEE0070B154 /* NetworkProfileViewController.m in Sources */,
			);
			runOnlyForDeploymentPostprocessing = 0;
		};
		ABFFD1771A19983D0063C74C /* Sources */ = {
			isa = PBXSourcesBuildPhase;
			buildActionMask = 2147483647;
			files = (
				ABFFD1821A19983D0063C74C /* iGithubTests.m in Sources */,
			);
			runOnlyForDeploymentPostprocessing = 0;
		};
/* End PBXSourcesBuildPhase section */

/* Begin PBXTargetDependency section */
		04CBA4F41A84B8AC00F82AA9 /* PBXTargetDependency */ = {
			isa = PBXTargetDependency;
			name = "AFNetworking iOS";
			targetProxy = 04CBA4F31A84B8AC00F82AA9 /* PBXContainerItemProxy */;
		};
		04CBA5041A84B8BA00F82AA9 /* PBXTargetDependency */ = {
			isa = PBXTargetDependency;
			name = "OctoKit iOS";
			targetProxy = 04CBA5031A84B8BA00F82AA9 /* PBXContainerItemProxy */;
		};
		04CBA5081A84B91100F82AA9 /* PBXTargetDependency */ = {
			isa = PBXTargetDependency;
			name = "Mantle-iOS";
			targetProxy = 04CBA5071A84B91100F82AA9 /* PBXContainerItemProxy */;
		};
		04CBA50C1A84B92000F82AA9 /* PBXTargetDependency */ = {
			isa = PBXTargetDependency;
			name = "ReactiveCocoa-iOS";
			targetProxy = 04CBA50B1A84B92000F82AA9 /* PBXContainerItemProxy */;
		};
		04CBA5101A84B93500F82AA9 /* PBXTargetDependency */ = {
			isa = PBXTargetDependency;
			name = "ISO8601DateFormatter iOS";
			targetProxy = 04CBA50F1A84B93500F82AA9 /* PBXContainerItemProxy */;
		};
		ABFFD17D1A19983D0063C74C /* PBXTargetDependency */ = {
			isa = PBXTargetDependency;
			target = ABFFD1611A19983C0063C74C /* iGithub */;
			targetProxy = ABFFD17C1A19983D0063C74C /* PBXContainerItemProxy */;
		};
/* End PBXTargetDependency section */

/* Begin PBXVariantGroup section */
		ABFFD16F1A19983D0063C74C /* Main.storyboard */ = {
			isa = PBXVariantGroup;
			children = (
				ABFFD1701A19983D0063C74C /* Base */,
			);
			name = Main.storyboard;
			sourceTree = "<group>";
		};
/* End PBXVariantGroup section */

/* Begin XCBuildConfiguration section */
		ABFFD1831A19983D0063C74C /* Debug */ = {
			isa = XCBuildConfiguration;
			buildSettings = {
				ALWAYS_SEARCH_USER_PATHS = NO;
				CLANG_CXX_LANGUAGE_STANDARD = "gnu++0x";
				CLANG_CXX_LIBRARY = "libc++";
				CLANG_ENABLE_MODULES = YES;
				CLANG_ENABLE_OBJC_ARC = YES;
				CLANG_WARN_BOOL_CONVERSION = YES;
				CLANG_WARN_CONSTANT_CONVERSION = YES;
				CLANG_WARN_DIRECT_OBJC_ISA_USAGE = YES_ERROR;
				CLANG_WARN_EMPTY_BODY = YES;
				CLANG_WARN_ENUM_CONVERSION = YES;
				CLANG_WARN_INT_CONVERSION = YES;
				CLANG_WARN_OBJC_ROOT_CLASS = YES_ERROR;
				CLANG_WARN_UNREACHABLE_CODE = YES;
				CLANG_WARN__DUPLICATE_METHOD_MATCH = YES;
				"CODE_SIGN_IDENTITY[sdk=iphoneos*]" = "iPhone Developer";
				COPY_PHASE_STRIP = NO;
				ENABLE_STRICT_OBJC_MSGSEND = YES;
				GCC_C_LANGUAGE_STANDARD = gnu99;
				GCC_DYNAMIC_NO_PIC = NO;
				GCC_OPTIMIZATION_LEVEL = 0;
				GCC_PREPROCESSOR_DEFINITIONS = (
					"DEBUG=1",
					"$(inherited)",
				);
				GCC_SYMBOLS_PRIVATE_EXTERN = NO;
				GCC_WARN_64_TO_32_BIT_CONVERSION = YES;
				GCC_WARN_ABOUT_RETURN_TYPE = YES_ERROR;
				GCC_WARN_UNDECLARED_SELECTOR = YES;
				GCC_WARN_UNINITIALIZED_AUTOS = YES_AGGRESSIVE;
				GCC_WARN_UNUSED_FUNCTION = YES;
				GCC_WARN_UNUSED_VARIABLE = YES;
				IPHONEOS_DEPLOYMENT_TARGET = 8.1;
				MTL_ENABLE_DEBUG_INFO = YES;
				ONLY_ACTIVE_ARCH = YES;
				SDKROOT = iphoneos;
			};
			name = Debug;
		};
		ABFFD1841A19983D0063C74C /* Release */ = {
			isa = XCBuildConfiguration;
			buildSettings = {
				ALWAYS_SEARCH_USER_PATHS = NO;
				CLANG_CXX_LANGUAGE_STANDARD = "gnu++0x";
				CLANG_CXX_LIBRARY = "libc++";
				CLANG_ENABLE_MODULES = YES;
				CLANG_ENABLE_OBJC_ARC = YES;
				CLANG_WARN_BOOL_CONVERSION = YES;
				CLANG_WARN_CONSTANT_CONVERSION = YES;
				CLANG_WARN_DIRECT_OBJC_ISA_USAGE = YES_ERROR;
				CLANG_WARN_EMPTY_BODY = YES;
				CLANG_WARN_ENUM_CONVERSION = YES;
				CLANG_WARN_INT_CONVERSION = YES;
				CLANG_WARN_OBJC_ROOT_CLASS = YES_ERROR;
				CLANG_WARN_UNREACHABLE_CODE = YES;
				CLANG_WARN__DUPLICATE_METHOD_MATCH = YES;
				"CODE_SIGN_IDENTITY[sdk=iphoneos*]" = "iPhone Developer";
				COPY_PHASE_STRIP = YES;
				ENABLE_NS_ASSERTIONS = NO;
				ENABLE_STRICT_OBJC_MSGSEND = YES;
				GCC_C_LANGUAGE_STANDARD = gnu99;
				GCC_WARN_64_TO_32_BIT_CONVERSION = YES;
				GCC_WARN_ABOUT_RETURN_TYPE = YES_ERROR;
				GCC_WARN_UNDECLARED_SELECTOR = YES;
				GCC_WARN_UNINITIALIZED_AUTOS = YES_AGGRESSIVE;
				GCC_WARN_UNUSED_FUNCTION = YES;
				GCC_WARN_UNUSED_VARIABLE = YES;
				IPHONEOS_DEPLOYMENT_TARGET = 8.1;
				MTL_ENABLE_DEBUG_INFO = NO;
				SDKROOT = iphoneos;
				VALIDATE_PRODUCT = YES;
			};
			name = Release;
		};
		ABFFD1861A19983D0063C74C /* Debug */ = {
			isa = XCBuildConfiguration;
			baseConfigurationReference = EC96A54A7C6F5F7E62D4ACED /* Pods.debug.xcconfig */;
			buildSettings = {
				ASSETCATALOG_COMPILER_APPICON_NAME = AppIcon;
				ASSETCATALOG_COMPILER_LAUNCHIMAGE_NAME = LaunchImage;
				FRAMEWORK_SEARCH_PATHS = (
					"$(inherited)",
					"$(USER_LIBRARY_DIR)/Developer/Xcode/DerivedData/iGithub-dljaqifjsunxfjblhyjeqjuqedjz/Build/Products/Debug",
				);
				HEADER_SEARCH_PATHS = (
					"\"${PODS_ROOT}/Headers/Public\"",
					"\"${PODS_ROOT}/Headers/Public/JASidePanels\"",
					"\"$(BUILD_ROOT)/../IntermediateBuildFilesPath/UninstalledProducts/include\"",
					"$(inherited)",
				);
				INFOPLIST_FILE = iGithub/Info.plist;
				IPHONEOS_DEPLOYMENT_TARGET = 8.0;
				LD_RUNPATH_SEARCH_PATHS = "$(inherited) @executable_path/Frameworks";
				PRODUCT_NAME = "$(TARGET_NAME)";
			};
			name = Debug;
		};
		ABFFD1871A19983D0063C74C /* Release */ = {
			isa = XCBuildConfiguration;
			baseConfigurationReference = DB33F8486EDED806E09E008E /* Pods.release.xcconfig */;
			buildSettings = {
				ASSETCATALOG_COMPILER_APPICON_NAME = AppIcon;
				ASSETCATALOG_COMPILER_LAUNCHIMAGE_NAME = LaunchImage;
				FRAMEWORK_SEARCH_PATHS = (
					"$(inherited)",
					"$(USER_LIBRARY_DIR)/Developer/Xcode/DerivedData/iGithub-dljaqifjsunxfjblhyjeqjuqedjz/Build/Products/Debug",
				);
				HEADER_SEARCH_PATHS = (
					"\"${PODS_ROOT}/Headers/Public\"",
					"\"${PODS_ROOT}/Headers/Public/JASidePanels\"",
					"\"$(BUILD_ROOT)/../IntermediateBuildFilesPath/UninstalledProducts/include\"",
					"$(inherited)",
				);
				INFOPLIST_FILE = iGithub/Info.plist;
				IPHONEOS_DEPLOYMENT_TARGET = 8.0;
				LD_RUNPATH_SEARCH_PATHS = "$(inherited) @executable_path/Frameworks";
				PRODUCT_NAME = "$(TARGET_NAME)";
			};
			name = Release;
		};
		ABFFD1891A19983D0063C74C /* Debug */ = {
			isa = XCBuildConfiguration;
			buildSettings = {
				BUNDLE_LOADER = "$(TEST_HOST)";
				FRAMEWORK_SEARCH_PATHS = (
					"$(SDKROOT)/Developer/Library/Frameworks",
					"$(inherited)",
				);
				GCC_PREPROCESSOR_DEFINITIONS = (
					"DEBUG=1",
					"$(inherited)",
				);
				INFOPLIST_FILE = iGithubTests/Info.plist;
				LD_RUNPATH_SEARCH_PATHS = "$(inherited) @executable_path/Frameworks @loader_path/Frameworks";
				PRODUCT_NAME = "$(TARGET_NAME)";
				TEST_HOST = "$(BUILT_PRODUCTS_DIR)/iGithub.app/iGithub";
			};
			name = Debug;
		};
		ABFFD18A1A19983D0063C74C /* Release */ = {
			isa = XCBuildConfiguration;
			buildSettings = {
				BUNDLE_LOADER = "$(TEST_HOST)";
				FRAMEWORK_SEARCH_PATHS = (
					"$(SDKROOT)/Developer/Library/Frameworks",
					"$(inherited)",
				);
				INFOPLIST_FILE = iGithubTests/Info.plist;
				LD_RUNPATH_SEARCH_PATHS = "$(inherited) @executable_path/Frameworks @loader_path/Frameworks";
				PRODUCT_NAME = "$(TARGET_NAME)";
				TEST_HOST = "$(BUILT_PRODUCTS_DIR)/iGithub.app/iGithub";
			};
			name = Release;
		};
/* End XCBuildConfiguration section */

/* Begin XCConfigurationList section */
		ABFFD15D1A19983C0063C74C /* Build configuration list for PBXProject "iGithub" */ = {
			isa = XCConfigurationList;
			buildConfigurations = (
				ABFFD1831A19983D0063C74C /* Debug */,
				ABFFD1841A19983D0063C74C /* Release */,
			);
			defaultConfigurationIsVisible = 0;
			defaultConfigurationName = Release;
		};
		ABFFD1851A19983D0063C74C /* Build configuration list for PBXNativeTarget "iGithub" */ = {
			isa = XCConfigurationList;
			buildConfigurations = (
				ABFFD1861A19983D0063C74C /* Debug */,
				ABFFD1871A19983D0063C74C /* Release */,
			);
			defaultConfigurationIsVisible = 0;
			defaultConfigurationName = Release;
		};
		ABFFD1881A19983D0063C74C /* Build configuration list for PBXNativeTarget "iGithubTests" */ = {
			isa = XCConfigurationList;
			buildConfigurations = (
				ABFFD1891A19983D0063C74C /* Debug */,
				ABFFD18A1A19983D0063C74C /* Release */,
			);
			defaultConfigurationIsVisible = 0;
			defaultConfigurationName = Release;
		};
/* End XCConfigurationList section */
	};
	rootObject = ABFFD15A1A19983C0063C74C /* Project object */;
}
